{
  "version": "5",
  "specifiers": {
    "jsr:@std/assert@1": "1.0.13",
    "jsr:@std/internal@^1.0.6": "1.0.6",
    "npm:effector-react@^23.2.0": "23.3.0_effector@23.4.0_react@19.1.0",
    "npm:effector@^23.2.0": "23.4.0"
  },
  "jsr": {
    "@std/assert@1.0.13": {
      "integrity": "ae0d31e41919b12c656c742b22522c32fb26ed0cba32975cb0de2a273cb68b29",
      "dependencies": [
        "jsr:@std/internal"
      ]
    },
    "@std/internal@1.0.6": {
      "integrity": "9533b128f230f73bd209408bb07a4b12f8d4255ab2a4d22a1fd6d87304aca9a4"
    }
  },
  "npm": {
    "effector-react@23.3.0_effector@23.4.0_react@19.1.0": {
      "integrity": "sha512-QR0+x1EnbiWhO80Yc0GVF+I9xCYoxBm3t+QLB5Wg+1uY1Q1BrSWDmKvJaJJZ/+9BU4RAr25yS5J2EkdWnicu8g==",
      "dependencies": [
        "effector",
        "react",
        "use-sync-external-store"
      ]
    },
    "effector@23.4.0": {
      "integrity": "sha512-rRmlT7B4wAQyz3Ja2Rbrptdx4rxiIumC9pUr23/RV7ocmapuPZK+2J2K1T3ycZs6S5Nufeb/Wi8EIkfdfb4CBw=="
    },
    "react@19.1.0": {
      "integrity": "sha512-FS+XFBNvn3GTAWq26joslQgWNoFu08F4kl0J4CgdNKADkdSGXQyTCnKteIAJy96Br6YbpEU1LSzV5dYtjMkMDg=="
    },
    "use-sync-external-store@1.5.0_react@19.1.0": {
      "integrity": "sha512-Rb46I4cGGVBmjamjphe8L/UnvJD+uPPtTkNvX5mZgqdbavhI4EbgIWJiIHXJ8bc/i9EQGPRh4DwEURJ552Do0A==",
      "dependencies": [
        "react"
      ]
    }
  },
  "workspace": {
    "dependencies": [
      "jsr:@std/assert@1",
      "npm:effector-react@^23.2.0",
      "npm:effector@^23.2.0"
    ]
  }
}
